
Microsoft Visual Studio Solution File, Format Version 12.00
# Visual Studio Version 16
VisualStudioVersion = 16.0.29326.143
MinimumVisualStudioVersion = 10.0.40219.1
Project("{FAE04EC0-301F-11D3-BF4B-00C04F79EFBC}") = "EmployeeManagement", "EmployeeManagement.csproj", "{3879AB5C-CFF5-40CC-9C94-FEA78C9B8D2E}"
EndProject
Global
	GlobalSection(SolutionConfigurationPlatforms) = preSolution
		Debug|Any CPU = Debug|Any CPU
		Release|Any CPU = Release|Any CPU
	EndGlobalSection
	GlobalSection(ProjectConfigurationPlatforms) = postSolution
		{3879AB5C-CFF5-40CC-9C94-FEA78C9B8D2E}.Debug|Any CPU.ActiveCfg = Debug|Any CPU
		{3879AB5C-CFF5-40CC-9C94-FEA78C9B8D2E}.Debug|Any CPU.Build.0 = Debug|Any CPU
		{3879AB5C-CFF5-40CC-9C94-FEA78C9B8D2E}.Release|Any CPU.ActiveCfg = Release|Any CPU
		{3879AB5C-CFF5-40CC-9C94-FEA78C9B8D2E}.Release|Any CPU.Build.0 = Release|Any CPU
	EndGlobalSection
	GlobalSection(SolutionProperties) = preSolution
		HideSolutionNode = FALSE
	EndGlobalSection
	GlobalSection(ExtensibilityGlobals) = postSolution
		SolutionGuid = {9103FE38-BB78-4325-B569-50686BD57FE6}
	EndGlobalSection
EndGlobal
